
Microsoft Visual Studio Solution File, Format Version 12.00
# Visual Studio Version 16
VisualStudioVersion = 16.0.32002.261
MinimumVisualStudioVersion = 10.0.40219.1
Project("{FAE04EC0-301F-11D3-BF4B-00C04F79EFBC}") = "OKUL_CODEFIRST_FROMDB", "OKUL_DBFIRST\OKUL_CODEFIRST_FROMDB.csproj", "{A0372447-6FF5-43D9-8E73-7CABA0D854E9}"
EndProject
Global
	GlobalSection(SolutionConfigurationPlatforms) = preSolution
		Debug|Any CPU = Debug|Any CPU
		Release|Any CPU = Release|Any CPU
	EndGlobalSection
	GlobalSection(ProjectConfigurationPlatforms) = postSolution
		{A0372447-6FF5-43D9-8E73-7CABA0D854E9}.Debug|Any CPU.ActiveCfg = Debug|Any CPU
		{A0372447-6FF5-43D9-8E73-7CABA0D854E9}.Debug|Any CPU.Build.0 = Debug|Any CPU
		{A0372447-6FF5-43D9-8E73-7CABA0D854E9}.Release|Any CPU.ActiveCfg = Release|Any CPU
		{A0372447-6FF5-43D9-8E73-7CABA0D854E9}.Release|Any CPU.Build.0 = Release|Any CPU
	EndGlobalSection
	GlobalSection(SolutionProperties) = preSolution
		HideSolutionNode = FALSE
	EndGlobalSection
	GlobalSection(ExtensibilityGlobals) = postSolution
		SolutionGuid = {8C60BC70-C6AE-4FD4-BB36-B3C56E812AA7}
	EndGlobalSection
EndGlobal
